<?xml version="1.0" encoding="utf-8"?>
<Project ToolsVersion="4.0" xmlns="http://schemas.microsoft.com/developer/msbuild/2003">
  <ItemGroup>
    <Filter Include="源文件">
      <UniqueIdentifier>{4FC737F1-C7A5-4376-A066-2A32D752A2FF}</UniqueIdentifier>
      <Extensions>cpp;c;cc;cxx;def;odl;idl;hpj;bat;asm;asmx</Extensions>
    </Filter>
    <Filter Include="头文件">
      <UniqueIdentifier>{93995380-89BD-4b04-88EB-625FBE52EBFB}</UniqueIdentifier>
      <Extensions>h;hh;hpp;hxx;hm;inl;inc;xsd</Extensions>
    </Filter>
    <Filter Include="资源文件">
      <UniqueIdentifier>{67DA6AB6-F800-4c08-8B7A-83BB121AAD01}</UniqueIdentifier>
      <Extensions>rc;ico;cur;bmp;dlg;rc2;rct;bin;rgs;gif;jpg;jpeg;jpe;resx;tiff;tif;png;wav;mfcribbon-ms</Extensions>
    </Filter>
  </ItemGroup>
  <ItemGroup>
    <ClCompile Include="src\main.cpp">
      <Filter>源文件</Filter>
    </ClCompile>
    <ClCompile Include="src\render\Shader.cpp">
      <Filter>源文件</Filter>
    </ClCompile>
    <ClCompile Include="src\object\Font.cpp">
      <Filter>源文件</Filter>
    </ClCompile>
    <ClCompile Include="src\buffer\FrameBuffer.cpp">
      <Filter>源文件</Filter>
    </ClCompile>
    <ClCompile Include="src\object\Object3D.cpp">
      <Filter>源文件</Filter>
    </ClCompile>
    <ClCompile Include="src\object\Plane.cpp">
      <Filter>源文件</Filter>
    </ClCompile>
    <ClCompile Include="src\object\Mesh.cpp">
      <Filter>源文件</Filter>
    </ClCompile>
    <ClCompile Include="src\object\Group.cpp">
      <Filter>源文件</Filter>
    </ClCompile>
    <ClCompile Include="src\object\Model.cpp">
      <Filter>源文件</Filter>
    </ClCompile>
    <ClCompile Include="src\camera\Camera.cpp">
      <Filter>源文件</Filter>
    </ClCompile>
    <ClCompile Include="src\render\ViewRenderer.cpp">
      <Filter>源文件</Filter>
    </ClCompile>
    <ClCompile Include="src\material\Material.cpp">
      <Filter>源文件</Filter>
    </ClCompile>
    <ClCompile Include="src\material\Texture.cpp">
      <Filter>源文件</Filter>
    </ClCompile>
    <ClCompile Include="src\object\ModelNode.cpp">
      <Filter>源文件</Filter>
    </ClCompile>
  </ItemGroup>
  <ItemGroup>
    <ClInclude Include="src\KHeader.h">
      <Filter>头文件</Filter>
    </ClInclude>
    <ClInclude Include="src\math\function.h">
      <Filter>头文件</Filter>
    </ClInclude>
    <ClInclude Include="src\math\vector\vec2.h">
      <Filter>头文件</Filter>
    </ClInclude>
    <ClInclude Include="src\math\vector\vec3.h">
      <Filter>头文件</Filter>
    </ClInclude>
    <ClInclude Include="src\math\vector\vec4.h">
      <Filter>头文件</Filter>
    </ClInclude>
    <ClInclude Include="src\math\matrix\mat3.h">
      <Filter>头文件</Filter>
    </ClInclude>
    <ClInclude Include="src\math\transform.h">
      <Filter>头文件</Filter>
    </ClInclude>
    <ClInclude Include="src\math\matrix\mat4.h">
      <Filter>头文件</Filter>
    </ClInclude>
    <ClInclude Include="src\math\matrix\quaternion.h">
      <Filter>头文件</Filter>
    </ClInclude>
    <ClInclude Include="src\render\Shader.h">
      <Filter>头文件</Filter>
    </ClInclude>
    <ClInclude Include="src\Log.h">
      <Filter>头文件</Filter>
    </ClInclude>
    <ClInclude Include="src\buffer\VertexBuffer.h">
      <Filter>头文件</Filter>
    </ClInclude>
    <ClInclude Include="src\buffer\VertexArray.h">
      <Filter>头文件</Filter>
    </ClInclude>
    <ClInclude Include="src\object\Font.h">
      <Filter>头文件</Filter>
    </ClInclude>
    <ClInclude Include="src\util\StringUtil.h">
      <Filter>头文件</Filter>
    </ClInclude>
    <ClInclude Include="src\render\Window.h">
      <Filter>头文件</Filter>
    </ClInclude>
    <ClInclude Include="src\buffer\FrameBuffer.h">
      <Filter>头文件</Filter>
    </ClInclude>
    <ClInclude Include="src\object\Object3D.h">
      <Filter>头文件</Filter>
    </ClInclude>
    <ClInclude Include="src\object\Plane.h">
      <Filter>头文件</Filter>
    </ClInclude>
    <ClInclude Include="src\object\Mesh.h">
      <Filter>头文件</Filter>
    </ClInclude>
    <ClInclude Include="src\object\Group.h">
      <Filter>头文件</Filter>
    </ClInclude>
    <ClInclude Include="src\object\Model.h">
      <Filter>头文件</Filter>
    </ClInclude>
    <ClInclude Include="src\render\Renderer.h">
      <Filter>头文件</Filter>
    </ClInclude>
    <ClInclude Include="src\camera\Camera.h">
      <Filter>头文件</Filter>
    </ClInclude>
    <ClInclude Include="src\render\ViewRenderer.h">
      <Filter>头文件</Filter>
    </ClInclude>
    <ClInclude Include="src\material\Material.h">
      <Filter>头文件</Filter>
    </ClInclude>
    <ClInclude Include="src\material\Texture.h">
      <Filter>头文件</Filter>
    </ClInclude>
    <ClInclude Include="src\object\ModelNode.h">
      <Filter>头文件</Filter>
    </ClInclude>
  </ItemGroup>
</Project>